// !$*UTF8*$!
{
	archiveVersion = 1;
	classes = {
	};
	objectVersion = 50;
	objects = {

/* Begin PBXBuildFile section */
		6201C17626810E1B0057F310 /* AppDelegate.swift in Sources */ = {isa = PBXBuildFile; fileRef = 6201C17526810E1B0057F310 /* AppDelegate.swift */; };
		6201C17826810E1B0057F310 /* SceneDelegate.swift in Sources */ = {isa = PBXBuildFile; fileRef = 6201C17726810E1B0057F310 /* SceneDelegate.swift */; };
		6201C17D26810E1B0057F310 /* Main.storyboard in Resources */ = {isa = PBXBuildFile; fileRef = 6201C17B26810E1B0057F310 /* Main.storyboard */; };
		6201C17F26810E1C0057F310 /* Assets.xcassets in Resources */ = {isa = PBXBuildFile; fileRef = 6201C17E26810E1C0057F310 /* Assets.xcassets */; };
		6201C18226810E1C0057F310 /* LaunchScreen.storyboard in Resources */ = {isa = PBXBuildFile; fileRef = 6201C18026810E1C0057F310 /* LaunchScreen.storyboard */; };
		6201C18C268110200057F310 /* CloudKit.framework in Frameworks */ = {isa = PBXBuildFile; fileRef = 6201C18B268110200057F310 /* CloudKit.framework */; };
		6201C194268113730057F310 /* JournalListViewController.swift in Sources */ = {isa = PBXBuildFile; fileRef = 6201C193268113730057F310 /* JournalListViewController.swift */; };
		6201C1962681137C0057F310 /* JournalDetailViewController.swift in Sources */ = {isa = PBXBuildFile; fileRef = 6201C1952681137C0057F310 /* JournalDetailViewController.swift */; };
		6201C198268114CB0057F310 /* EntryDetailViewController.swift in Sources */ = {isa = PBXBuildFile; fileRef = 6201C197268114CB0057F310 /* EntryDetailViewController.swift */; };
/* End PBXBuildFile section */

/* Begin PBXFileReference section */
		6201C17226810E1B0057F310 /* SuperJournalCK.app */ = {isa = PBXFileReference; explicitFileType = wrapper.application; includeInIndex = 0; path = SuperJournalCK.app; sourceTree = BUILT_PRODUCTS_DIR; };
		6201C17526810E1B0057F310 /* AppDelegate.swift */ = {isa = PBXFileReference; lastKnownFileType = sourcecode.swift; path = AppDelegate.swift; sourceTree = "<group>"; };
		6201C17726810E1B0057F310 /* SceneDelegate.swift */ = {isa = PBXFileReference; lastKnownFileType = sourcecode.swift; path = SceneDelegate.swift; sourceTree = "<group>"; };
		6201C17C26810E1B0057F310 /* Base */ = {isa = PBXFileReference; lastKnownFileType = file.storyboard; name = Base; path = Base.lproj/Main.storyboard; sourceTree = "<group>"; };
		6201C17E26810E1C0057F310 /* Assets.xcassets */ = {isa = PBXFileReference; lastKnownFileType = folder.assetcatalog; path = Assets.xcassets; sourceTree = "<group>"; };
		6201C18126810E1C0057F310 /* Base */ = {isa = PBXFileReference; lastKnownFileType = file.storyboard; name = Base; path = Base.lproj/LaunchScreen.storyboard; sourceTree = "<group>"; };
		6201C18326810E1C0057F310 /* Info.plist */ = {isa = PBXFileReference; lastKnownFileType = text.plist.xml; path = Info.plist; sourceTree = "<group>"; };
		6201C1892681100F0057F310 /* SuperJournalCK.entitlements */ = {isa = PBXFileReference; lastKnownFileType = text.plist.entitlements; path = SuperJournalCK.entitlements; sourceTree = "<group>"; };
		6201C18B268110200057F310 /* CloudKit.framework */ = {isa = PBXFileReference; lastKnownFileType = wrapper.framework; name = CloudKit.framework; path = System/Library/Frameworks/CloudKit.framework; sourceTree = SDKROOT; };
		6201C193268113730057F310 /* JournalListViewController.swift */ = {isa = PBXFileReference; lastKnownFileType = sourcecode.swift; path = JournalListViewController.swift; sourceTree = "<group>"; };
		6201C1952681137C0057F310 /* JournalDetailViewController.swift */ = {isa = PBXFileReference; lastKnownFileType = sourcecode.swift; path = JournalDetailViewController.swift; sourceTree = "<group>"; };
		6201C197268114CB0057F310 /* EntryDetailViewController.swift */ = {isa = PBXFileReference; lastKnownFileType = sourcecode.swift; path = EntryDetailViewController.swift; sourceTree = "<group>"; };
/* End PBXFileReference section */

/* Begin PBXFrameworksBuildPhase section */
		6201C16F26810E1B0057F310 /* Frameworks */ = {
			isa = PBXFrameworksBuildPhase;
			buildActionMask = 2147483647;
			files = (
				6201C18C268110200057F310 /* CloudKit.framework in Frameworks */,
			);
			runOnlyForDeploymentPostprocessing = 0;
		};
/* End PBXFrameworksBuildPhase section */

/* Begin PBXGroup section */
		6201C16926810E1B0057F310 = {
			isa = PBXGroup;
			children = (
				6201C17426810E1B0057F310 /* SuperJournalCK */,
				6201C17326810E1B0057F310 /* Products */,
				6201C18A268110200057F310 /* Frameworks */,
			);
			sourceTree = "<group>";
		};
		6201C17326810E1B0057F310 /* Products */ = {
			isa = PBXGroup;
			children = (
				6201C17226810E1B0057F310 /* SuperJournalCK.app */,
			);
			name = Products;
			sourceTree = "<group>";
		};
		6201C17426810E1B0057F310 /* SuperJournalCK */ = {
			isa = PBXGroup;
			children = (
				6201C1892681100F0057F310 /* SuperJournalCK.entitlements */,
				6201C1922681127D0057F310 /* Helpers */,
				6201C191268112780057F310 /* Storyboards */,
				6201C18F2681126C0057F310 /* Models */,
				6201C1902681126F0057F310 /* Model Controllers */,
				6201C18E268112640057F310 /* View Controllers */,
				6201C18D2681125B0057F310 /* Resources */,
				6201C18326810E1C0057F310 /* Info.plist */,
			);
			path = SuperJournalCK;
			sourceTree = "<group>";
		};
		6201C18A268110200057F310 /* Frameworks */ = {
			isa = PBXGroup;
			children = (
				6201C18B268110200057F310 /* CloudKit.framework */,
			);
			name = Frameworks;
			sourceTree = "<group>";
		};
		6201C18D2681125B0057F310 /* Resources */ = {
			isa = PBXGroup;
			children = (
				6201C17526810E1B0057F310 /* AppDelegate.swift */,
				6201C17726810E1B0057F310 /* SceneDelegate.swift */,
				6201C17E26810E1C0057F310 /* Assets.xcassets */,
			);
			path = Resources;
			sourceTree = "<group>";
		};
		6201C18E268112640057F310 /* View Controllers */ = {
			isa = PBXGroup;
			children = (
				6201C193268113730057F310 /* JournalListViewController.swift */,
				6201C1952681137C0057F310 /* JournalDetailViewController.swift */,
				6201C197268114CB0057F310 /* EntryDetailViewController.swift */,
			);
			path = "View Controllers";
			sourceTree = "<group>";
		};
		6201C18F2681126C0057F310 /* Models */ = {
			isa = PBXGroup;
			children = (
			);
			path = Models;
			sourceTree = "<group>";
		};
		6201C1902681126F0057F310 /* Model Controllers */ = {
			isa = PBXGroup;
			children = (
			);
			path = "Model Controllers";
			sourceTree = "<group>";
		};
		6201C191268112780057F310 /* Storyboards */ = {
			isa = PBXGroup;
			children = (
				6201C17B26810E1B0057F310 /* Main.storyboard */,
				6201C18026810E1C0057F310 /* LaunchScreen.storyboard */,
			);
			path = Storyboards;
			sourceTree = "<group>";
		};
		6201C1922681127D0057F310 /* Helpers */ = {
			isa = PBXGroup;
			children = (
			);
			path = Helpers;
			sourceTree = "<group>";
		};
/* End PBXGroup section */

/* Begin PBXNativeTarget section */
		6201C17126810E1B0057F310 /* SuperJournalCK */ = {
			isa = PBXNativeTarget;
			buildConfigurationList = 6201C18626810E1C0057F310 /* Build configuration list for PBXNativeTarget "SuperJournalCK" */;
			buildPhases = (
				6201C16E26810E1B0057F310 /* Sources */,
				6201C16F26810E1B0057F310 /* Frameworks */,
				6201C17026810E1B0057F310 /* Resources */,
			);
			buildRules = (
			);
			dependencies = (
			);
			name = SuperJournalCK;
			productName = SuperJournalCK;
			productReference = 6201C17226810E1B0057F310 /* SuperJournalCK.app */;
			productType = "com.apple.product-type.application";
		};
/* End PBXNativeTarget section */

/* Begin PBXProject section */
		6201C16A26810E1B0057F310 /* Project object */ = {
			isa = PBXProject;
			attributes = {
				LastSwiftUpdateCheck = 1250;
				LastUpgradeCheck = 1250;
				TargetAttributes = {
					6201C17126810E1B0057F310 = {
						CreatedOnToolsVersion = 12.5;
					};
				};
			};
			buildConfigurationList = 6201C16D26810E1B0057F310 /* Build configuration list for PBXProject "SuperJournalCK" */;
			compatibilityVersion = "Xcode 9.3";
			developmentRegion = en;
			hasScannedForEncodings = 0;
			knownRegions = (
				en,
				Base,
			);
			mainGroup = 6201C16926810E1B0057F310;
			productRefGroup = 6201C17326810E1B0057F310 /* Products */;
			projectDirPath = "";
			projectRoot = "";
			targets = (
				6201C17126810E1B0057F310 /* SuperJournalCK */,
			);
		};
/* End PBXProject section */

/* Begin PBXResourcesBuildPhase section */
		6201C17026810E1B0057F310 /* Resources */ = {
			isa = PBXResourcesBuildPhase;
			buildActionMask = 2147483647;
			files = (
				6201C18226810E1C0057F310 /* LaunchScreen.storyboard in Resources */,
				6201C17F26810E1C0057F310 /* Assets.xcassets in Resources */,
				6201C17D26810E1B0057F310 /* Main.storyboard in Resources */,
			);
			runOnlyForDeploymentPostprocessing = 0;
		};
/* End PBXResourcesBuildPhase section */

/* Begin PBXSourcesBuildPhase section */
		6201C16E26810E1B0057F310 /* Sources */ = {
			isa = PBXSourcesBuildPhase;
			buildActionMask = 2147483647;
			files = (
				6201C17626810E1B0057F310 /* AppDelegate.swift in Sources */,
				6201C1962681137C0057F310 /* JournalDetailViewController.swift in Sources */,
				6201C194268113730057F310 /* JournalListViewController.swift in Sources */,
				6201C198268114CB0057F310 /* EntryDetailViewController.swift in Sources */,
				6201C17826810E1B0057F310 /* SceneDelegate.swift in Sources */,
			);
			runOnlyForDeploymentPostprocessing = 0;
		};
/* End PBXSourcesBuildPhase section */

/* Begin PBXVariantGroup section */
		6201C17B26810E1B0057F310 /* Main.storyboard */ = {
			isa = PBXVariantGroup;
			children = (
				6201C17C26810E1B0057F310 /* Base */,
			);
			name = Main.storyboard;
			sourceTree = "<group>";
		};
		6201C18026810E1C0057F310 /* LaunchScreen.storyboard */ = {
			isa = PBXVariantGroup;
			children = (
				6201C18126810E1C0057F310 /* Base */,
			);
			name = LaunchScreen.storyboard;
			sourceTree = "<group>";
		};
/* End PBXVariantGroup section */

/* Begin XCBuildConfiguration section */
		6201C18426810E1C0057F310 /* Debug */ = {
			isa = XCBuildConfiguration;
			buildSettings = {
				ALWAYS_SEARCH_USER_PATHS = NO;
				CLANG_ANALYZER_NONNULL = YES;
				CLANG_ANALYZER_NUMBER_OBJECT_CONVERSION = YES_AGGRESSIVE;
				CLANG_CXX_LANGUAGE_STANDARD = "gnu++14";
				CLANG_CXX_LIBRARY = "libc++";
				CLANG_ENABLE_MODULES = YES;
				CLANG_ENABLE_OBJC_ARC = YES;
				CLANG_ENABLE_OBJC_WEAK = YES;
				CLANG_WARN_BLOCK_CAPTURE_AUTORELEASING = YES;
				CLANG_WARN_BOOL_CONVERSION = YES;
				CLANG_WARN_COMMA = YES;
				CLANG_WARN_CONSTANT_CONVERSION = YES;
				CLANG_WARN_DEPRECATED_OBJC_IMPLEMENTATIONS = YES;
				CLANG_WARN_DIRECT_OBJC_ISA_USAGE = YES_ERROR;
				CLANG_WARN_DOCUMENTATION_COMMENTS = YES;
				CLANG_WARN_EMPTY_BODY = YES;
				CLANG_WARN_ENUM_CONVERSION = YES;
				CLANG_WARN_INFINITE_RECURSION = YES;
				CLANG_WARN_INT_CONVERSION = YES;
				CLANG_WARN_NON_LITERAL_NULL_CONVERSION = YES;
				CLANG_WARN_OBJC_IMPLICIT_RETAIN_SELF = YES;
				CLANG_WARN_OBJC_LITERAL_CONVERSION = YES;
				CLANG_WARN_OBJC_ROOT_CLASS = YES_ERROR;
				CLANG_WARN_QUOTED_INCLUDE_IN_FRAMEWORK_HEADER = YES;
				CLANG_WARN_RANGE_LOOP_ANALYSIS = YES;
				CLANG_WARN_STRICT_PROTOTYPES = YES;
				CLANG_WARN_SUSPICIOUS_MOVE = YES;
				CLANG_WARN_UNGUARDED_AVAILABILITY = YES_AGGRESSIVE;
				CLANG_WARN_UNREACHABLE_CODE = YES;
				CLANG_WARN__DUPLICATE_METHOD_MATCH = YES;
				COPY_PHASE_STRIP = NO;
				DEBUG_INFORMATION_FORMAT = dwarf;
				ENABLE_STRICT_OBJC_MSGSEND = YES;
				ENABLE_TESTABILITY = YES;
				GCC_C_LANGUAGE_STANDARD = gnu11;
				GCC_DYNAMIC_NO_PIC = NO;
				GCC_NO_COMMON_BLOCKS = YES;
				GCC_OPTIMIZATION_LEVEL = 0;
				GCC_PREPROCESSOR_DEFINITIONS = (
					"DEBUG=1",
					"$(inherited)",
				);
				GCC_WARN_64_TO_32_BIT_CONVERSION = YES;
				GCC_WARN_ABOUT_RETURN_TYPE = YES_ERROR;
				GCC_WARN_UNDECLARED_SELECTOR = YES;
				GCC_WARN_UNINITIALIZED_AUTOS = YES_AGGRESSIVE;
				GCC_WARN_UNUSED_FUNCTION = YES;
				GCC_WARN_UNUSED_VARIABLE = YES;
				IPHONEOS_DEPLOYMENT_TARGET = 14.5;
				MTL_ENABLE_DEBUG_INFO = INCLUDE_SOURCE;
				MTL_FAST_MATH = YES;
				ONLY_ACTIVE_ARCH = YES;
				SDKROOT = iphoneos;
				SWIFT_ACTIVE_COMPILATION_CONDITIONS = DEBUG;
				SWIFT_OPTIMIZATION_LEVEL = "-Onone";
			};
			name = Debug;
		};
		6201C18526810E1C0057F310 /* Release */ = {
			isa = XCBuildConfiguration;
			buildSettings = {
				ALWAYS_SEARCH_USER_PATHS = NO;
				CLANG_ANALYZER_NONNULL = YES;
				CLANG_ANALYZER_NUMBER_OBJECT_CONVERSION = YES_AGGRESSIVE;
				CLANG_CXX_LANGUAGE_STANDARD = "gnu++14";
				CLANG_CXX_LIBRARY = "libc++";
				CLANG_ENABLE_MODULES = YES;
				CLANG_ENABLE_OBJC_ARC = YES;
				CLANG_ENABLE_OBJC_WEAK = YES;
				CLANG_WARN_BLOCK_CAPTURE_AUTORELEASING = YES;
				CLANG_WARN_BOOL_CONVERSION = YES;
				CLANG_WARN_COMMA = YES;
				CLANG_WARN_CONSTANT_CONVERSION = YES;
				CLANG_WARN_DEPRECATED_OBJC_IMPLEMENTATIONS = YES;
				CLANG_WARN_DIRECT_OBJC_ISA_USAGE = YES_ERROR;
				CLANG_WARN_DOCUMENTATION_COMMENTS = YES;
				CLANG_WARN_EMPTY_BODY = YES;
				CLANG_WARN_ENUM_CONVERSION = YES;
				CLANG_WARN_INFINITE_RECURSION = YES;
				CLANG_WARN_INT_CONVERSION = YES;
				CLANG_WARN_NON_LITERAL_NULL_CONVERSION = YES;
				CLANG_WARN_OBJC_IMPLICIT_RETAIN_SELF = YES;
				CLANG_WARN_OBJC_LITERAL_CONVERSION = YES;
				CLANG_WARN_OBJC_ROOT_CLASS = YES_ERROR;
				CLANG_WARN_QUOTED_INCLUDE_IN_FRAMEWORK_HEADER = YES;
				CLANG_WARN_RANGE_LOOP_ANALYSIS = YES;
				CLANG_WARN_STRICT_PROTOTYPES = YES;
				CLANG_WARN_SUSPICIOUS_MOVE = YES;
				CLANG_WARN_UNGUARDED_AVAILABILITY = YES_AGGRESSIVE;
				CLANG_WARN_UNREACHABLE_CODE = YES;
				CLANG_WARN__DUPLICATE_METHOD_MATCH = YES;
				COPY_PHASE_STRIP = NO;
				DEBUG_INFORMATION_FORMAT = "dwarf-with-dsym";
				ENABLE_NS_ASSERTIONS = NO;
				ENABLE_STRICT_OBJC_MSGSEND = YES;
				GCC_C_LANGUAGE_STANDARD = gnu11;
				GCC_NO_COMMON_BLOCKS = YES;
				GCC_WARN_64_TO_32_BIT_CONVERSION = YES;
				GCC_WARN_ABOUT_RETURN_TYPE = YES_ERROR;
				GCC_WARN_UNDECLARED_SELECTOR = YES;
				GCC_WARN_UNINITIALIZED_AUTOS = YES_AGGRESSIVE;
				GCC_WARN_UNUSED_FUNCTION = YES;
				GCC_WARN_UNUSED_VARIABLE = YES;
				IPHONEOS_DEPLOYMENT_TARGET = 14.5;
				MTL_ENABLE_DEBUG_INFO = NO;
				MTL_FAST_MATH = YES;
				SDKROOT = iphoneos;
				SWIFT_COMPILATION_MODE = wholemodule;
				SWIFT_OPTIMIZATION_LEVEL = "-O";
				VALIDATE_PRODUCT = YES;
			};
			name = Release;
		};
		6201C18726810E1C0057F310 /* Debug */ = {
			isa = XCBuildConfiguration;
			buildSettings = {
				ASSETCATALOG_COMPILER_APPICON_NAME = AppIcon;
				ASSETCATALOG_COMPILER_GLOBAL_ACCENT_COLOR_NAME = AccentColor;
				CODE_SIGN_ENTITLEMENTS = SuperJournalCK/SuperJournalCK.entitlements;
				CODE_SIGN_STYLE = Automatic;
				DEVELOPMENT_TEAM = QYHXM7HJ4V;
				INFOPLIST_FILE = SuperJournalCK/Info.plist;
				LD_RUNPATH_SEARCH_PATHS = (
					"$(inherited)",
					"@executable_path/Frameworks",
				);
				PRODUCT_BUNDLE_IDENTIFIER = com.BenjaminTincher.SuperJournalCK;
				PRODUCT_NAME = "$(TARGET_NAME)";
				SWIFT_VERSION = 5.0;
				TARGETED_DEVICE_FAMILY = "1,2";
			};
			name = Debug;
		};
		6201C18826810E1C0057F310 /* Release */ = {
			isa = XCBuildConfiguration;
			buildSettings = {
				ASSETCATALOG_COMPILER_APPICON_NAME = AppIcon;
				ASSETCATALOG_COMPILER_GLOBAL_ACCENT_COLOR_NAME = AccentColor;
				CODE_SIGN_ENTITLEMENTS = SuperJournalCK/SuperJournalCK.entitlements;
				CODE_SIGN_STYLE = Automatic;
				DEVELOPMENT_TEAM = QYHXM7HJ4V;
				INFOPLIST_FILE = SuperJournalCK/Info.plist;
				LD_RUNPATH_SEARCH_PATHS = (
					"$(inherited)",
					"@executable_path/Frameworks",
				);
				PRODUCT_BUNDLE_IDENTIFIER = com.BenjaminTincher.SuperJournalCK;
				PRODUCT_NAME = "$(TARGET_NAME)";
				SWIFT_VERSION = 5.0;
				TARGETED_DEVICE_FAMILY = "1,2";
			};
			name = Release;
		};
/* End XCBuildConfiguration section */

/* Begin XCConfigurationList section */
		6201C16D26810E1B0057F310 /* Build configuration list for PBXProject "SuperJournalCK" */ = {
			isa = XCConfigurationList;
			buildConfigurations = (
				6201C18426810E1C0057F310 /* Debug */,
				6201C18526810E1C0057F310 /* Release */,
			);
			defaultConfigurationIsVisible = 0;
			defaultConfigurationName = Release;
		};
		6201C18626810E1C0057F310 /* Build configuration list for PBXNativeTarget "SuperJournalCK" */ = {
			isa = XCConfigurationList;
			buildConfigurations = (
				6201C18726810E1C0057F310 /* Debug */,
				6201C18826810E1C0057F310 /* Release */,
			);
			defaultConfigurationIsVisible = 0;
			defaultConfigurationName = Release;
		};
/* End XCConfigurationList section */
	};
	rootObject = 6201C16A26810E1B0057F310 /* Project object */;
}
